// !$*UTF8*$!
{
	archiveVersion = 1;
	classes = {
	};
	objectVersion = 46;
	objects = {

/* Begin PBXBuildFile section */
		02DB8D241D6322FD00FA04B0 /* main.m in Sources */ = {isa = PBXBuildFile; fileRef = 02DB8D231D6322FD00FA04B0 /* main.m */; };
		02DB8D271D6322FD00FA04B0 /* AppDelegate.m in Sources */ = {isa = PBXBuildFile; fileRef = 02DB8D261D6322FD00FA04B0 /* AppDelegate.m */; };
		02DB8D2A1D6322FD00FA04B0 /* ViewController.m in Sources */ = {isa = PBXBuildFile; fileRef = 02DB8D291D6322FD00FA04B0 /* ViewController.m */; };
		02DB8D2D1D6322FD00FA04B0 /* Main.storyboard in Resources */ = {isa = PBXBuildFile; fileRef = 02DB8D2B1D6322FD00FA04B0 /* Main.storyboard */; };
		02DB8D301D6322FD00FA04B0 /* Assignment2.xcdatamodeld in Sources */ = {isa = PBXBuildFile; fileRef = 02DB8D2E1D6322FD00FA04B0 /* Assignment2.xcdatamodeld */; };
		02DB8D321D6322FD00FA04B0 /* Assets.xcassets in Resources */ = {isa = PBXBuildFile; fileRef = 02DB8D311D6322FD00FA04B0 /* Assets.xcassets */; };
		02DB8D351D6322FD00FA04B0 /* LaunchScreen.storyboard in Resources */ = {isa = PBXBuildFile; fileRef = 02DB8D331D6322FD00FA04B0 /* LaunchScreen.storyboard */; };
		02DB8D401D6322FD00FA04B0 /* Assignment2Tests.m in Sources */ = {isa = PBXBuildFile; fileRef = 02DB8D3F1D6322FD00FA04B0 /* Assignment2Tests.m */; };
/* End PBXBuildFile section */

/* Begin PBXContainerItemProxy section */
		02DB8D3C1D6322FD00FA04B0 /* PBXContainerItemProxy */ = {
			isa = PBXContainerItemProxy;
			containerPortal = 02DB8D171D6322FD00FA04B0 /* Project object */;
			proxyType = 1;
			remoteGlobalIDString = 02DB8D1E1D6322FD00FA04B0;
			remoteInfo = Assignment2;
		};
/* End PBXContainerItemProxy section */

/* Begin PBXFileReference section */
		02DB8D1F1D6322FD00FA04B0 /* Assignment2.app */ = {isa = PBXFileReference; explicitFileType = wrapper.application; includeInIndex = 0; path = Assignment2.app; sourceTree = BUILT_PRODUCTS_DIR; };
		02DB8D231D6322FD00FA04B0 /* main.m */ = {isa = PBXFileReference; lastKnownFileType = sourcecode.c.objc; path = main.m; sourceTree = "<group>"; };
		02DB8D251D6322FD00FA04B0 /* AppDelegate.h */ = {isa = PBXFileReference; lastKnownFileType = sourcecode.c.h; path = AppDelegate.h; sourceTree = "<group>"; };
		02DB8D261D6322FD00FA04B0 /* AppDelegate.m */ = {isa = PBXFileReference; lastKnownFileType = sourcecode.c.objc; path = AppDelegate.m; sourceTree = "<group>"; };
		02DB8D281D6322FD00FA04B0 /* ViewController.h */ = {isa = PBXFileReference; lastKnownFileType = sourcecode.c.h; path = ViewController.h; sourceTree = "<group>"; };
		02DB8D291D6322FD00FA04B0 /* ViewController.m */ = {isa = PBXFileReference; lastKnownFileType = sourcecode.c.objc; path = ViewController.m; sourceTree = "<group>"; };
		02DB8D2C1D6322FD00FA04B0 /* Base */ = {isa = PBXFileReference; lastKnownFileType = file.storyboard; name = Base; path = Base.lproj/Main.storyboard; sourceTree = "<group>"; };
		02DB8D2F1D6322FD00FA04B0 /* Assignment2.xcdatamodel */ = {isa = PBXFileReference; lastKnownFileType = wrapper.xcdatamodel; path = Assignment2.xcdatamodel; sourceTree = "<group>"; };
		02DB8D311D6322FD00FA04B0 /* Assets.xcassets */ = {isa = PBXFileReference; lastKnownFileType = folder.assetcatalog; path = Assets.xcassets; sourceTree = "<group>"; };
		02DB8D341D6322FD00FA04B0 /* Base */ = {isa = PBXFileReference; lastKnownFileType = file.storyboard; name = Base; path = Base.lproj/LaunchScreen.storyboard; sourceTree = "<group>"; };
		02DB8D361D6322FD00FA04B0 /* Info.plist */ = {isa = PBXFileReference; lastKnownFileType = text.plist.xml; path = Info.plist; sourceTree = "<group>"; };
		02DB8D3B1D6322FD00FA04B0 /* Assignment2Tests.xctest */ = {isa = PBXFileReference; explicitFileType = wrapper.cfbundle; includeInIndex = 0; path = Assignment2Tests.xctest; sourceTree = BUILT_PRODUCTS_DIR; };
		02DB8D3F1D6322FD00FA04B0 /* Assignment2Tests.m */ = {isa = PBXFileReference; lastKnownFileType = sourcecode.c.objc; path = Assignment2Tests.m; sourceTree = "<group>"; };
		02DB8D411D6322FD00FA04B0 /* Info.plist */ = {isa = PBXFileReference; lastKnownFileType = text.plist.xml; path = Info.plist; sourceTree = "<group>"; };
/* End PBXFileReference section */

/* Begin PBXFrameworksBuildPhase section */
		02DB8D1C1D6322FD00FA04B0 /* Frameworks */ = {
			isa = PBXFrameworksBuildPhase;
			buildActionMask = 2147483647;
			files = (
			);
			runOnlyForDeploymentPostprocessing = 0;
		};
		02DB8D381D6322FD00FA04B0 /* Frameworks */ = {
			isa = PBXFrameworksBuildPhase;
			buildActionMask = 2147483647;
			files = (
			);
			runOnlyForDeploymentPostprocessing = 0;
		};
/* End PBXFrameworksBuildPhase section */

/* Begin PBXGroup section */
		02DB8D161D6322FD00FA04B0 = {
			isa = PBXGroup;
			children = (
				02DB8D211D6322FD00FA04B0 /* Assignment2 */,
				02DB8D3E1D6322FD00FA04B0 /* Assignment2Tests */,
				02DB8D201D6322FD00FA04B0 /* Products */,
			);
			sourceTree = "<group>";
		};
		02DB8D201D6322FD00FA04B0 /* Products */ = {
			isa = PBXGroup;
			children = (
				02DB8D1F1D6322FD00FA04B0 /* Assignment2.app */,
				02DB8D3B1D6322FD00FA04B0 /* Assignment2Tests.xctest */,
			);
			name = Products;
			sourceTree = "<group>";
		};
		02DB8D211D6322FD00FA04B0 /* Assignment2 */ = {
			isa = PBXGroup;
			children = (
				02DB8D251D6322FD00FA04B0 /* AppDelegate.h */,
				02DB8D261D6322FD00FA04B0 /* AppDelegate.m */,
				02DB8D281D6322FD00FA04B0 /* ViewController.h */,
				02DB8D291D6322FD00FA04B0 /* ViewController.m */,
				02DB8D2B1D6322FD00FA04B0 /* Main.storyboard */,
				02DB8D311D6322FD00FA04B0 /* Assets.xcassets */,
				02DB8D331D6322FD00FA04B0 /* LaunchScreen.storyboard */,
				02DB8D361D6322FD00FA04B0 /* Info.plist */,
				02DB8D2E1D6322FD00FA04B0 /* Assignment2.xcdatamodeld */,
				02DB8D221D6322FD00FA04B0 /* Supporting Files */,
			);
			path = Assignment2;
			sourceTree = "<group>";
		};
		02DB8D221D6322FD00FA04B0 /* Supporting Files */ = {
			isa = PBXGroup;
			children = (
				02DB8D231D6322FD00FA04B0 /* main.m */,
			);
			name = "Supporting Files";
			sourceTree = "<group>";
		};
		02DB8D3E1D6322FD00FA04B0 /* Assignment2Tests */ = {
			isa = PBXGroup;
			children = (
				02DB8D3F1D6322FD00FA04B0 /* Assignment2Tests.m */,
				02DB8D411D6322FD00FA04B0 /* Info.plist */,
			);
			path = Assignment2Tests;
			sourceTree = "<group>";
		};
/* End PBXGroup section */

/* Begin PBXNativeTarget section */
		02DB8D1E1D6322FD00FA04B0 /* Assignment2 */ = {
			isa = PBXNativeTarget;
			buildConfigurationList = 02DB8D441D6322FD00FA04B0 /* Build configuration list for PBXNativeTarget "Assignment2" */;
			buildPhases = (
				02DB8D1B1D6322FD00FA04B0 /* Sources */,
				02DB8D1C1D6322FD00FA04B0 /* Frameworks */,
				02DB8D1D1D6322FD00FA04B0 /* Resources */,
			);
			buildRules = (
			);
			dependencies = (
			);
			name = Assignment2;
			productName = Assignment2;
			productReference = 02DB8D1F1D6322FD00FA04B0 /* Assignment2.app */;
			productType = "com.apple.product-type.application";
		};
		02DB8D3A1D6322FD00FA04B0 /* Assignment2Tests */ = {
			isa = PBXNativeTarget;
			buildConfigurationList = 02DB8D471D6322FD00FA04B0 /* Build configuration list for PBXNativeTarget "Assignment2Tests" */;
			buildPhases = (
				02DB8D371D6322FD00FA04B0 /* Sources */,
				02DB8D381D6322FD00FA04B0 /* Frameworks */,
				02DB8D391D6322FD00FA04B0 /* Resources */,
			);
			buildRules = (
			);
			dependencies = (
				02DB8D3D1D6322FD00FA04B0 /* PBXTargetDependency */,
			);
			name = Assignment2Tests;
			productName = Assignment2Tests;
			productReference = 02DB8D3B1D6322FD00FA04B0 /* Assignment2Tests.xctest */;
			productType = "com.apple.product-type.bundle.unit-test";
		};
/* End PBXNativeTarget section */

/* Begin PBXProject section */
		02DB8D171D6322FD00FA04B0 /* Project object */ = {
			isa = PBXProject;
			attributes = {
				LastUpgradeCheck = 0720;
				ORGANIZATIONNAME = CG;
				TargetAttributes = {
					02DB8D1E1D6322FD00FA04B0 = {
						CreatedOnToolsVersion = 7.2.1;
					};
					02DB8D3A1D6322FD00FA04B0 = {
						CreatedOnToolsVersion = 7.2.1;
						TestTargetID = 02DB8D1E1D6322FD00FA04B0;
					};
				};
			};
			buildConfigurationList = 02DB8D1A1D6322FD00FA04B0 /* Build configuration list for PBXProject "Assignment2" */;
			compatibilityVersion = "Xcode 3.2";
			developmentRegion = English;
			hasScannedForEncodings = 0;
			knownRegions = (
				en,
				Base,
			);
			mainGroup = 02DB8D161D6322FD00FA04B0;
			productRefGroup = 02DB8D201D6322FD00FA04B0 /* Products */;
			projectDirPath = "";
			projectRoot = "";
			targets = (
				02DB8D1E1D6322FD00FA04B0 /* Assignment2 */,
				02DB8D3A1D6322FD00FA04B0 /* Assignment2Tests */,
			);
		};
/* End PBXProject section */

/* Begin PBXResourcesBuildPhase section */
		02DB8D1D1D6322FD00FA04B0 /* Resources */ = {
			isa = PBXResourcesBuildPhase;
			buildActionMask = 2147483647;
			files = (
				02DB8D351D6322FD00FA04B0 /* LaunchScreen.storyboard in Resources */,
				02DB8D321D6322FD00FA04B0 /* Assets.xcassets in Resources */,
				02DB8D2D1D6322FD00FA04B0 /* Main.storyboard in Resources */,
			);
			runOnlyForDeploymentPostprocessing = 0;
		};
		02DB8D391D6322FD00FA04B0 /* Resources */ = {
			isa = PBXResourcesBuildPhase;
			buildActionMask = 2147483647;
			files = (
			);
			runOnlyForDeploymentPostprocessing = 0;
		};
/* End PBXResourcesBuildPhase section */

/* Begin PBXSourcesBuildPhase section */
		02DB8D1B1D6322FD00FA04B0 /* Sources */ = {
			isa = PBXSourcesBuildPhase;
			buildActionMask = 2147483647;
			files = (
				02DB8D2A1D6322FD00FA04B0 /* ViewController.m in Sources */,
				02DB8D271D6322FD00FA04B0 /* AppDelegate.m in Sources */,
				02DB8D241D6322FD00FA04B0 /* main.m in Sources */,
				02DB8D301D6322FD00FA04B0 /* Assignment2.xcdatamodeld in Sources */,
			);
			runOnlyForDeploymentPostprocessing = 0;
		};
		02DB8D371D6322FD00FA04B0 /* Sources */ = {
			isa = PBXSourcesBuildPhase;
			buildActionMask = 2147483647;
			files = (
				02DB8D401D6322FD00FA04B0 /* Assignment2Tests.m in Sources */,
			);
			runOnlyForDeploymentPostprocessing = 0;
		};
/* End PBXSourcesBuildPhase section */

/* Begin PBXTargetDependency section */
		02DB8D3D1D6322FD00FA04B0 /* PBXTargetDependency */ = {
			isa = PBXTargetDependency;
			target = 02DB8D1E1D6322FD00FA04B0 /* Assignment2 */;
			targetProxy = 02DB8D3C1D6322FD00FA04B0 /* PBXContainerItemProxy */;
		};
/* End PBXTargetDependency section */

/* Begin PBXVariantGroup section */
		02DB8D2B1D6322FD00FA04B0 /* Main.storyboard */ = {
			isa = PBXVariantGroup;
			children = (
				02DB8D2C1D6322FD00FA04B0 /* Base */,
			);
			name = Main.storyboard;
			sourceTree = "<group>";
		};
		02DB8D331D6322FD00FA04B0 /* LaunchScreen.storyboard */ = {
			isa = PBXVariantGroup;
			children = (
				02DB8D341D6322FD00FA04B0 /* Base */,
			);
			name = LaunchScreen.storyboard;
			sourceTree = "<group>";
		};
/* End PBXVariantGroup section */

/* Begin XCBuildConfiguration section */
		02DB8D421D6322FD00FA04B0 /* Debug */ = {
			isa = XCBuildConfiguration;
			buildSettings = {
				ALWAYS_SEARCH_USER_PATHS = NO;
				CLANG_CXX_LANGUAGE_STANDARD = "gnu++0x";
				CLANG_CXX_LIBRARY = "libc++";
				CLANG_ENABLE_MODULES = YES;
				CLANG_ENABLE_OBJC_ARC = YES;
				CLANG_WARN_BOOL_CONVERSION = YES;
				CLANG_WARN_CONSTANT_CONVERSION = YES;
				CLANG_WARN_DIRECT_OBJC_ISA_USAGE = YES_ERROR;
				CLANG_WARN_EMPTY_BODY = YES;
				CLANG_WARN_ENUM_CONVERSION = YES;
				CLANG_WARN_INT_CONVERSION = YES;
				CLANG_WARN_OBJC_ROOT_CLASS = YES_ERROR;
				CLANG_WARN_UNREACHABLE_CODE = YES;
				CLANG_WARN__DUPLICATE_METHOD_MATCH = YES;
				CODE_SIGN_IDENTITY = "iPhone Developer: Manish Malani (9JS9Y7VR2S)";
				"CODE_SIGN_IDENTITY[sdk=iphoneos*]" = "iPhone Developer: Manish Malani (9JS9Y7VR2S)";
				COPY_PHASE_STRIP = NO;
				DEBUG_INFORMATION_FORMAT = dwarf;
				ENABLE_STRICT_OBJC_MSGSEND = YES;
				ENABLE_TESTABILITY = YES;
				GCC_C_LANGUAGE_STANDARD = gnu99;
				GCC_DYNAMIC_NO_PIC = NO;
				GCC_NO_COMMON_BLOCKS = YES;
				GCC_OPTIMIZATION_LEVEL = 0;
				GCC_PREPROCESSOR_DEFINITIONS = (
					"DEBUG=1",
					"$(inherited)",
				);
				GCC_WARN_64_TO_32_BIT_CONVERSION = YES;
				GCC_WARN_ABOUT_RETURN_TYPE = YES_ERROR;
				GCC_WARN_UNDECLARED_SELECTOR = YES;
				GCC_WARN_UNINITIALIZED_AUTOS = YES_AGGRESSIVE;
				GCC_WARN_UNUSED_FUNCTION = YES;
				GCC_WARN_UNUSED_VARIABLE = YES;
				IPHONEOS_DEPLOYMENT_TARGET = 10.0;
				MTL_ENABLE_DEBUG_INFO = YES;
				ONLY_ACTIVE_ARCH = YES;
				PROVISIONING_PROFILE = "6ef694ed-1ab8-4cfc-aa26-ae6ded6dd50e";
				SDKROOT = iphoneos;
			};
			name = Debug;
		};
		02DB8D431D6322FD00FA04B0 /* Release */ = {
			isa = XCBuildConfiguration;
			buildSettings = {
				ALWAYS_SEARCH_USER_PATHS = NO;
				CLANG_CXX_LANGUAGE_STANDARD = "gnu++0x";
				CLANG_CXX_LIBRARY = "libc++";
				CLANG_ENABLE_MODULES = YES;
				CLANG_ENABLE_OBJC_ARC = YES;
				CLANG_WARN_BOOL_CONVERSION = YES;
				CLANG_WARN_CONSTANT_CONVERSION = YES;
				CLANG_WARN_DIRECT_OBJC_ISA_USAGE = YES_ERROR;
				CLANG_WARN_EMPTY_BODY = YES;
				CLANG_WARN_ENUM_CONVERSION = YES;
				CLANG_WARN_INT_CONVERSION = YES;
				CLANG_WARN_OBJC_ROOT_CLASS = YES_ERROR;
				CLANG_WARN_UNREACHABLE_CODE = YES;
				CLANG_WARN__DUPLICATE_METHOD_MATCH = YES;
				CODE_SIGN_IDENTITY = "iPhone Developer: Manish Malani (9JS9Y7VR2S)";
				"CODE_SIGN_IDENTITY[sdk=iphoneos*]" = "iPhone Developer: Manish Malani (9JS9Y7VR2S)";
				COPY_PHASE_STRIP = NO;
				DEBUG_INFORMATION_FORMAT = "dwarf-with-dsym";
				ENABLE_NS_ASSERTIONS = NO;
				ENABLE_STRICT_OBJC_MSGSEND = YES;
				GCC_C_LANGUAGE_STANDARD = gnu99;
				GCC_NO_COMMON_BLOCKS = YES;
				GCC_WARN_64_TO_32_BIT_CONVERSION = YES;
				GCC_WARN_ABOUT_RETURN_TYPE = YES_ERROR;
				GCC_WARN_UNDECLARED_SELECTOR = YES;
				GCC_WARN_UNINITIALIZED_AUTOS = YES_AGGRESSIVE;
				GCC_WARN_UNUSED_FUNCTION = YES;
				GCC_WARN_UNUSED_VARIABLE = YES;
				IPHONEOS_DEPLOYMENT_TARGET = 10.0;
				MTL_ENABLE_DEBUG_INFO = NO;
				PROVISIONING_PROFILE = "6ef694ed-1ab8-4cfc-aa26-ae6ded6dd50e";
				SDKROOT = iphoneos;
				VALIDATE_PRODUCT = YES;
			};
			name = Release;
		};
		02DB8D451D6322FD00FA04B0 /* Debug */ = {
			isa = XCBuildConfiguration;
			buildSettings = {
				ASSETCATALOG_COMPILER_APPICON_NAME = AppIcon;
				CURRENT_PROJECT_VERSION = 1;
				INFOPLIST_FILE = Assignment2/Info.plist;
				IPHONEOS_DEPLOYMENT_TARGET = 10.0;
				LD_RUNPATH_SEARCH_PATHS = "$(inherited) @executable_path/Frameworks";
				PRODUCT_BUNDLE_IDENTIFIER = com.cg.Assignment2;
				PRODUCT_NAME = "$(TARGET_NAME)";
				VERSIONING_SYSTEM = "apple-generic";
			};
			name = Debug;
		};
		02DB8D461D6322FD00FA04B0 /* Release */ = {
			isa = XCBuildConfiguration;
			buildSettings = {
				ASSETCATALOG_COMPILER_APPICON_NAME = AppIcon;
				CURRENT_PROJECT_VERSION = 1;
				INFOPLIST_FILE = Assignment2/Info.plist;
				IPHONEOS_DEPLOYMENT_TARGET = 10.0;
				LD_RUNPATH_SEARCH_PATHS = "$(inherited) @executable_path/Frameworks";
				PRODUCT_BUNDLE_IDENTIFIER = com.cg.Assignment2;
				PRODUCT_NAME = "$(TARGET_NAME)";
				VERSIONING_SYSTEM = "apple-generic";
			};
			name = Release;
		};
		02DB8D481D6322FD00FA04B0 /* Debug */ = {
			isa = XCBuildConfiguration;
			buildSettings = {
				BUNDLE_LOADER = "$(TEST_HOST)";
				"CODE_SIGN_IDENTITY[sdk=iphoneos*]" = "iPhone Developer: Manish Malani (9JS9Y7VR2S)";
				DEVELOPMENT_TEAM = "";
				INFOPLIST_FILE = Assignment2Tests/Info.plist;
				LD_RUNPATH_SEARCH_PATHS = "$(inherited) @executable_path/Frameworks @loader_path/Frameworks";
				PRODUCT_BUNDLE_IDENTIFIER = com.cg.Assignment2Tests;
				PRODUCT_NAME = "$(TARGET_NAME)";
				TEST_HOST = "$(BUILT_PRODUCTS_DIR)/Assignment2.app/Assignment2";
			};
			name = Debug;
		};
		02DB8D491D6322FD00FA04B0 /* Release */ = {
			isa = XCBuildConfiguration;
			buildSettings = {
				BUNDLE_LOADER = "$(TEST_HOST)";
				INFOPLIST_FILE = Assignment2Tests/Info.plist;
				LD_RUNPATH_SEARCH_PATHS = "$(inherited) @executable_path/Frameworks @loader_path/Frameworks";
				PRODUCT_BUNDLE_IDENTIFIER = com.cg.Assignment2Tests;
				PRODUCT_NAME = "$(TARGET_NAME)";
				TEST_HOST = "$(BUILT_PRODUCTS_DIR)/Assignment2.app/Assignment2";
			};
			name = Release;
		};
/* End XCBuildConfiguration section */

/* Begin XCConfigurationList section */
		02DB8D1A1D6322FD00FA04B0 /* Build configuration list for PBXProject "Assignment2" */ = {
			isa = XCConfigurationList;
			buildConfigurations = (
				02DB8D421D6322FD00FA04B0 /* Debug */,
				02DB8D431D6322FD00FA04B0 /* Release */,
			);
			defaultConfigurationIsVisible = 0;
			defaultConfigurationName = Debug;
		};
		02DB8D441D6322FD00FA04B0 /* Build configuration list for PBXNativeTarget "Assignment2" */ = {
			isa = XCConfigurationList;
			buildConfigurations = (
				02DB8D451D6322FD00FA04B0 /* Debug */,
				02DB8D461D6322FD00FA04B0 /* Release */,
			);
			defaultConfigurationIsVisible = 0;
			defaultConfigurationName = Debug;
		};
		02DB8D471D6322FD00FA04B0 /* Build configuration list for PBXNativeTarget "Assignment2Tests" */ = {
			isa = XCConfigurationList;
			buildConfigurations = (
				02DB8D481D6322FD00FA04B0 /* Debug */,
				02DB8D491D6322FD00FA04B0 /* Release */,
			);
			defaultConfigurationIsVisible = 0;
			defaultConfigurationName = Debug;
		};
/* End XCConfigurationList section */

/* Begin XCVersionGroup section */
		02DB8D2E1D6322FD00FA04B0 /* Assignment2.xcdatamodeld */ = {
			isa = XCVersionGroup;
			children = (
				02DB8D2F1D6322FD00FA04B0 /* Assignment2.xcdatamodel */,
			);
			currentVersion = 02DB8D2F1D6322FD00FA04B0 /* Assignment2.xcdatamodel */;
			path = Assignment2.xcdatamodeld;
			sourceTree = "<group>";
			versionGroupType = wrapper.xcdatamodel;
		};
/* End XCVersionGroup section */
	};
	rootObject = 02DB8D171D6322FD00FA04B0 /* Project object */;
}
